{
  "name": "shared",
  "lockfileVersion": 3,
  "requires": true,
  "packages": {
    "": {
      "name": "shared",
      "dependencies": {
        "core-js": "^3.24.1"
      },
      "engines": {
        "node": "22.21"
      }
    },
    "node_modules/core-js": {
      "version": "3.46.0",
      "resolved": "https://registry.npmjs.org/core-js/-/core-js-3.46.0.tgz",
      "integrity": "sha512-vDMm9B0xnqqZ8uSBpZ8sNtRtOdmfShrvT6h2TuQGLs0Is+cR0DYbj/KWP6ALVNbWPpqA/qPLoOuppJN07humpA==",
      "hasInstallScript": true,
      "license": "MIT",
      "funding": {
        "type": "opencollective",
        "url": "https://opencollective.com/core-js"
      }
    }
  }
}
